
Microsoft Visual Studio Solution File, Format Version 12.00
Project("{FAE04EC0-301F-11D3-BF4B-00C04F79EFBC}") = "ChipsPocket.Api", "ChipsPocket.Api\ChipsPocket.Api.csproj", "{1DB3D14E-DFF2-4739-932C-1AC182699FB8}"
EndProject
Project("{FAE04EC0-301F-11D3-BF4B-00C04F79EFBC}") = "AppHost", "AppHost\AppHost.csproj", "{0C4BBB13-17FE-44C1-9FE7-763C419E9A5D}"
EndProject
Project("{FAE04EC0-301F-11D3-BF4B-00C04F79EFBC}") = "ServiceDefaults", "ServiceDefaults\ServiceDefaults.csproj", "{C9689E75-E451-4A9B-909B-20813D1875BC}"
EndProject
Project("{2150E333-8FDC-42A3-9474-1A3956D46DE8}") = "Solution items", "Solution items", "{0E70F4EE-50AC-4102-B707-0DC13F5443F6}"
	ProjectSection(SolutionItems) = preProject
		.gitignore = .gitignore
		liara.json = liara.json
		.github\workflows\deploy.yaml = .github\workflows\deploy.yaml
	EndProjectSection
EndProject
Project("{FAE04EC0-301F-11D3-BF4B-00C04F79EFBC}") = "ChipsPocket.Domain", "ChipsPocket.Domain\ChipsPocket.Domain.csproj", "{3715727C-DBBB-4984-BE47-D9B1ABF542EB}"
EndProject
Global
	GlobalSection(SolutionConfigurationPlatforms) = preSolution
		Debug|Any CPU = Debug|Any CPU
		Release|Any CPU = Release|Any CPU
	EndGlobalSection
	GlobalSection(ProjectConfigurationPlatforms) = postSolution
		{1DB3D14E-DFF2-4739-932C-1AC182699FB8}.Debug|Any CPU.ActiveCfg = Debug|Any CPU
		{1DB3D14E-DFF2-4739-932C-1AC182699FB8}.Debug|Any CPU.Build.0 = Debug|Any CPU
		{1DB3D14E-DFF2-4739-932C-1AC182699FB8}.Release|Any CPU.ActiveCfg = Release|Any CPU
		{1DB3D14E-DFF2-4739-932C-1AC182699FB8}.Release|Any CPU.Build.0 = Release|Any CPU
		{0C4BBB13-17FE-44C1-9FE7-763C419E9A5D}.Debug|Any CPU.ActiveCfg = Debug|Any CPU
		{0C4BBB13-17FE-44C1-9FE7-763C419E9A5D}.Debug|Any CPU.Build.0 = Debug|Any CPU
		{0C4BBB13-17FE-44C1-9FE7-763C419E9A5D}.Release|Any CPU.ActiveCfg = Release|Any CPU
		{0C4BBB13-17FE-44C1-9FE7-763C419E9A5D}.Release|Any CPU.Build.0 = Release|Any CPU
		{C9689E75-E451-4A9B-909B-20813D1875BC}.Debug|Any CPU.ActiveCfg = Debug|Any CPU
		{C9689E75-E451-4A9B-909B-20813D1875BC}.Debug|Any CPU.Build.0 = Debug|Any CPU
		{C9689E75-E451-4A9B-909B-20813D1875BC}.Release|Any CPU.ActiveCfg = Release|Any CPU
		{C9689E75-E451-4A9B-909B-20813D1875BC}.Release|Any CPU.Build.0 = Release|Any CPU
		{3715727C-DBBB-4984-BE47-D9B1ABF542EB}.Debug|Any CPU.ActiveCfg = Debug|Any CPU
		{3715727C-DBBB-4984-BE47-D9B1ABF542EB}.Debug|Any CPU.Build.0 = Debug|Any CPU
		{3715727C-DBBB-4984-BE47-D9B1ABF542EB}.Release|Any CPU.ActiveCfg = Release|Any CPU
		{3715727C-DBBB-4984-BE47-D9B1ABF542EB}.Release|Any CPU.Build.0 = Release|Any CPU
	EndGlobalSection
EndGlobal
